<?xml version="1.0" encoding="utf-8"?>
<Project ToolsVersion="4.0" xmlns="http://schemas.microsoft.com/developer/msbuild/2003">
  <ItemGroup>
    <Filter Include="Impl">
      <UniqueIdentifier>{B7F5867C-A32C-880D-4C19-6E10382F040F}</UniqueIdentifier>
    </Filter>
    <Filter Include="Include">
      <UniqueIdentifier>{6917EFFE-D5F6-6D9A-DE0E-F9704A6DD4FB}</UniqueIdentifier>
    </Filter>
    <Filter Include="Include\Core">
      <UniqueIdentifier>{61455C4B-4DA8-EBEF-F62D-24A6E26FB772}</UniqueIdentifier>
    </Filter>
    <Filter Include="Include\ElementLoot">
      <UniqueIdentifier>{E00A358D-4C6C-129B-D5D9-584D413A495A}</UniqueIdentifier>
    </Filter>
    <Filter Include="Include\Helper">
      <UniqueIdentifier>{B8E9749E-A4B7-68A4-8D4B-D9CA79B84409}</UniqueIdentifier>
    </Filter>
    <Filter Include="Include\LootBag">
      <UniqueIdentifier>{608E86B8-CC19-F47C-D52A-77714135507D}</UniqueIdentifier>
    </Filter>
    <Filter Include="Include\LootTable">
      <UniqueIdentifier>{7E58A9F5-EA6E-A78B-33E6-32AD9F3B7813}</UniqueIdentifier>
    </Filter>
  </ItemGroup>
  <ItemGroup>
    <ClInclude Include="src\Include\Core\CoreLoot.h">
      <Filter>Include\Core</Filter>
    </ClInclude>
    <ClInclude Include="src\Include\Core\Dispatch.h">
      <Filter>Include\Core</Filter>
    </ClInclude>
    <ClInclude Include="src\Include\Core\LootDispatcherDefinition.h">
      <Filter>Include\Core</Filter>
    </ClInclude>
    <ClInclude Include="src\Include\Core\LootObtainabilityController.h">
      <Filter>Include\Core</Filter>
    </ClInclude>
    <ClInclude Include="src\Include\Core\Types.h">
      <Filter>Include\Core</Filter>
    </ClInclude>
    <ClInclude Include="src\Include\ElementLoot\Loot.h">
      <Filter>Include\ElementLoot</Filter>
    </ClInclude>
    <ClInclude Include="src\Include\Helper\Globals.h">
      <Filter>Include\Helper</Filter>
    </ClInclude>
    <ClInclude Include="src\Include\Helper\MArray.h">
      <Filter>Include\Helper</Filter>
    </ClInclude>
    <ClInclude Include="src\Include\LootContainers\LootBag\ConstantLootBag.h">
      <Filter>Include\LootBag</Filter>
    </ClInclude>
    <ClInclude Include="src\Include\LootContainers\LootBag\IntervalLootBag.h">
      <Filter>Include\LootBag</Filter>
    </ClInclude>
    <ClInclude Include="src\Include\LootContainers\LootBag\LootBag.h">
      <Filter>Include\LootBag</Filter>
    </ClInclude>
    <ClInclude Include="src\Include\LootContainers\LootBag\WeightedLootBag.h">
      <Filter>Include\LootBag</Filter>
    </ClInclude>
    <ClInclude Include="src\Include\LootContainers\LootTable\LootTable.h">
      <Filter>Include\LootTable</Filter>
    </ClInclude>
    <ClInclude Include="src\Include\Interface.h" />
    <ClInclude Include="src\Include\LootContainers\Node.h" />
    <ClInclude Include="src\Include\LootContainers\Handler\AbstractHandler.h" />
  </ItemGroup>
  <ItemGroup>
    <ClCompile Include="src\Impl\Dispatch.cpp">
      <Filter>Impl</Filter>
    </ClCompile>
    <ClCompile Include="src\Impl\Dropt.cpp">
      <Filter>Impl</Filter>
    </ClCompile>
    <ClCompile Include="src\Impl\AbstractHandler.cpp" />
    <ClCompile Include="src\Include\LootContainers\LootBag\AbstractLootBag.cpp" />
  </ItemGroup>
</Project>